
Microsoft Visual Studio Solution File, Format Version 12.00
# Visual Studio 14
VisualStudioVersion = 14.0.25420.1
MinimumVisualStudioVersion = 10.0.40219.1
Project("{2150E333-8FDC-42A3-9474-1A3956D46DE8}") = "Siemens.Simatic.Util", "Siemens.Simatic.Util", "{4C755E5F-D605-4664-A993-BE96812EC1EA}"
EndProject
Project("{FAE04EC0-301F-11D3-BF4B-00C04F79EFBC}") = "Utilities", "Siemens.Simatic.Util\Utilities\Utilities.csproj", "{4D4EBB62-46A9-403D-82F8-E21FFFD91F30}"
EndProject
Project("{2150E333-8FDC-42A3-9474-1A3956D46DE8}") = "Siemens.Simatic.Service", "Siemens.Simatic.Service", "{40A79604-AB5D-4256-AA81-FF7050505A5A}"
EndProject
Project("{FAE04EC0-301F-11D3-BF4B-00C04F79EFBC}") = "log4net.vs2008", "Siemens.Simatic.Util\Log4j\log4net.vs2008.csproj", "{181FE707-E161-4722-9F38-6AAAB6FAA106}"
EndProject
Project("{2150E333-8FDC-42A3-9474-1A3956D46DE8}") = "Siemens.Simatic.Web", "Siemens.Simatic.Web", "{37220D6F-8AD7-4816-AB95-7570EFB05753}"
EndProject
Project("{FAE04EC0-301F-11D3-BF4B-00C04F79EFBC}") = "Siemens.Simatic.Web.PortalApi", "Siemens.Simatic.Web\Siemens.Simatic.Web.PortalApi\Siemens.Simatic.Web.PortalApi.csproj", "{51F12B7F-D958-429A-8F28-EDEC2CA63736}"
EndProject
Project("{2150E333-8FDC-42A3-9474-1A3956D46DE8}") = "Siemens.Simatic.ALT", "Siemens.Simatic.ALT", "{C13898A3-458B-4155-BF40-46F08AA9BEF0}"
EndProject
Project("{FAE04EC0-301F-11D3-BF4B-00C04F79EFBC}") = "BusinessLogic", "Siemens.Simatic.ALT\BusinessLogic\BusinessLogic.csproj", "{072A6B6E-0890-43B9-8C51-33EAAEA59E10}"
	ProjectSection(ProjectDependencies) = postProject
		{6BDB2785-C86A-4D26-808A-7A7AE8762E34} = {6BDB2785-C86A-4D26-808A-7A7AE8762E34}
		{0C3AC49A-E587-4BB7-8AEB-3708DD9A8FD7} = {0C3AC49A-E587-4BB7-8AEB-3708DD9A8FD7}
	EndProjectSection
EndProject
Project("{FAE04EC0-301F-11D3-BF4B-00C04F79EFBC}") = "Common", "Siemens.Simatic.ALT\Common\Common.csproj", "{6BDB2785-C86A-4D26-808A-7A7AE8762E34}"
EndProject
Project("{FAE04EC0-301F-11D3-BF4B-00C04F79EFBC}") = "DataAccess", "Siemens.Simatic.ALT\DataAccess\DataAccess.csproj", "{0C3AC49A-E587-4BB7-8AEB-3708DD9A8FD7}"
EndProject
Project("{FAE04EC0-301F-11D3-BF4B-00C04F79EFBC}") = "Siemens.Simatic.Service.AlertService", "Siemens.Simatic.Service\Siemens.Simatic.Service.AltertService\Siemens.Simatic.Service.AlertService.csproj", "{40AE9837-4A97-4E40-95F1-5D8AC586741B}"
EndProject
Project("{FAE04EC0-301F-11D3-BF4B-00C04F79EFBC}") = "Siemens.Simatic.Service.NotifyService", "Siemens.Simatic.Service\Siemens.Simatic.Service.NotifyService\Siemens.Simatic.Service.NotifyService.csproj", "{24C2BDED-BB5B-4CFD-A340-814BE6A7FE91}"
EndProject
Global
	GlobalSection(SolutionConfigurationPlatforms) = preSolution
		CD_ROM|Any CPU = CD_ROM|Any CPU
		CD_ROM|Mixed Platforms = CD_ROM|Mixed Platforms
		CD_ROM|x86 = CD_ROM|x86
		Debug|Any CPU = Debug|Any CPU
		Debug|Mixed Platforms = Debug|Mixed Platforms
		Debug|x86 = Debug|x86
		DVD-5|Any CPU = DVD-5|Any CPU
		DVD-5|Mixed Platforms = DVD-5|Mixed Platforms
		DVD-5|x86 = DVD-5|x86
		Release|Any CPU = Release|Any CPU
		Release|Mixed Platforms = Release|Mixed Platforms
		Release|x86 = Release|x86
		SingleImage|Any CPU = SingleImage|Any CPU
		SingleImage|Mixed Platforms = SingleImage|Mixed Platforms
		SingleImage|x86 = SingleImage|x86
	EndGlobalSection
	GlobalSection(ProjectConfigurationPlatforms) = postSolution
		{4D4EBB62-46A9-403D-82F8-E21FFFD91F30}.CD_ROM|Any CPU.ActiveCfg = Release|Any CPU
		{4D4EBB62-46A9-403D-82F8-E21FFFD91F30}.CD_ROM|Any CPU.Build.0 = Release|Any CPU
		{4D4EBB62-46A9-403D-82F8-E21FFFD91F30}.CD_ROM|Mixed Platforms.ActiveCfg = Release|Any CPU
		{4D4EBB62-46A9-403D-82F8-E21FFFD91F30}.CD_ROM|Mixed Platforms.Build.0 = Release|Any CPU
		{4D4EBB62-46A9-403D-82F8-E21FFFD91F30}.CD_ROM|x86.ActiveCfg = Release|Any CPU
		{4D4EBB62-46A9-403D-82F8-E21FFFD91F30}.Debug|Any CPU.ActiveCfg = Debug|Any CPU
		{4D4EBB62-46A9-403D-82F8-E21FFFD91F30}.Debug|Any CPU.Build.0 = Debug|Any CPU
		{4D4EBB62-46A9-403D-82F8-E21FFFD91F30}.Debug|Mixed Platforms.ActiveCfg = Debug|Any CPU
		{4D4EBB62-46A9-403D-82F8-E21FFFD91F30}.Debug|Mixed Platforms.Build.0 = Debug|Any CPU
		{4D4EBB62-46A9-403D-82F8-E21FFFD91F30}.Debug|x86.ActiveCfg = Debug|Any CPU
		{4D4EBB62-46A9-403D-82F8-E21FFFD91F30}.DVD-5|Any CPU.ActiveCfg = Debug|Any CPU
		{4D4EBB62-46A9-403D-82F8-E21FFFD91F30}.DVD-5|Any CPU.Build.0 = Debug|Any CPU
		{4D4EBB62-46A9-403D-82F8-E21FFFD91F30}.DVD-5|Mixed Platforms.ActiveCfg = Debug|Any CPU
		{4D4EBB62-46A9-403D-82F8-E21FFFD91F30}.DVD-5|Mixed Platforms.Build.0 = Debug|Any CPU
		{4D4EBB62-46A9-403D-82F8-E21FFFD91F30}.DVD-5|x86.ActiveCfg = Debug|Any CPU
		{4D4EBB62-46A9-403D-82F8-E21FFFD91F30}.Release|Any CPU.ActiveCfg = Release|Any CPU
		{4D4EBB62-46A9-403D-82F8-E21FFFD91F30}.Release|Any CPU.Build.0 = Release|Any CPU
		{4D4EBB62-46A9-403D-82F8-E21FFFD91F30}.Release|Mixed Platforms.ActiveCfg = Release|Any CPU
		{4D4EBB62-46A9-403D-82F8-E21FFFD91F30}.Release|Mixed Platforms.Build.0 = Release|Any CPU
		{4D4EBB62-46A9-403D-82F8-E21FFFD91F30}.Release|x86.ActiveCfg = Release|Any CPU
		{4D4EBB62-46A9-403D-82F8-E21FFFD91F30}.SingleImage|Any CPU.ActiveCfg = Release|Any CPU
		{4D4EBB62-46A9-403D-82F8-E21FFFD91F30}.SingleImage|Any CPU.Build.0 = Release|Any CPU
		{4D4EBB62-46A9-403D-82F8-E21FFFD91F30}.SingleImage|Mixed Platforms.ActiveCfg = Release|Any CPU
		{4D4EBB62-46A9-403D-82F8-E21FFFD91F30}.SingleImage|Mixed Platforms.Build.0 = Release|Any CPU
		{4D4EBB62-46A9-403D-82F8-E21FFFD91F30}.SingleImage|x86.ActiveCfg = Release|Any CPU
		{181FE707-E161-4722-9F38-6AAAB6FAA106}.CD_ROM|Any CPU.ActiveCfg = Release|Any CPU
		{181FE707-E161-4722-9F38-6AAAB6FAA106}.CD_ROM|Any CPU.Build.0 = Release|Any CPU
		{181FE707-E161-4722-9F38-6AAAB6FAA106}.CD_ROM|Mixed Platforms.ActiveCfg = Release|Any CPU
		{181FE707-E161-4722-9F38-6AAAB6FAA106}.CD_ROM|Mixed Platforms.Build.0 = Release|Any CPU
		{181FE707-E161-4722-9F38-6AAAB6FAA106}.CD_ROM|x86.ActiveCfg = Release|Any CPU
		{181FE707-E161-4722-9F38-6AAAB6FAA106}.Debug|Any CPU.ActiveCfg = Debug|Any CPU
		{181FE707-E161-4722-9F38-6AAAB6FAA106}.Debug|Any CPU.Build.0 = Debug|Any CPU
		{181FE707-E161-4722-9F38-6AAAB6FAA106}.Debug|Mixed Platforms.ActiveCfg = Debug|Any CPU
		{181FE707-E161-4722-9F38-6AAAB6FAA106}.Debug|Mixed Platforms.Build.0 = Debug|Any CPU
		{181FE707-E161-4722-9F38-6AAAB6FAA106}.Debug|x86.ActiveCfg = Debug|Any CPU
		{181FE707-E161-4722-9F38-6AAAB6FAA106}.DVD-5|Any CPU.ActiveCfg = Debug|Any CPU
		{181FE707-E161-4722-9F38-6AAAB6FAA106}.DVD-5|Any CPU.Build.0 = Debug|Any CPU
		{181FE707-E161-4722-9F38-6AAAB6FAA106}.DVD-5|Mixed Platforms.ActiveCfg = Debug|Any CPU
		{181FE707-E161-4722-9F38-6AAAB6FAA106}.DVD-5|Mixed Platforms.Build.0 = Debug|Any CPU
		{181FE707-E161-4722-9F38-6AAAB6FAA106}.DVD-5|x86.ActiveCfg = Debug|Any CPU
		{181FE707-E161-4722-9F38-6AAAB6FAA106}.Release|Any CPU.ActiveCfg = Release|Any CPU
		{181FE707-E161-4722-9F38-6AAAB6FAA106}.Release|Any CPU.Build.0 = Release|Any CPU
		{181FE707-E161-4722-9F38-6AAAB6FAA106}.Release|Mixed Platforms.ActiveCfg = Release|Any CPU
		{181FE707-E161-4722-9F38-6AAAB6FAA106}.Release|Mixed Platforms.Build.0 = Release|Any CPU
		{181FE707-E161-4722-9F38-6AAAB6FAA106}.Release|x86.ActiveCfg = Release|Any CPU
		{181FE707-E161-4722-9F38-6AAAB6FAA106}.SingleImage|Any CPU.ActiveCfg = Release|Any CPU
		{181FE707-E161-4722-9F38-6AAAB6FAA106}.SingleImage|Any CPU.Build.0 = Release|Any CPU
		{181FE707-E161-4722-9F38-6AAAB6FAA106}.SingleImage|Mixed Platforms.ActiveCfg = Release|Any CPU
		{181FE707-E161-4722-9F38-6AAAB6FAA106}.SingleImage|Mixed Platforms.Build.0 = Release|Any CPU
		{181FE707-E161-4722-9F38-6AAAB6FAA106}.SingleImage|x86.ActiveCfg = Release|Any CPU
		{51F12B7F-D958-429A-8F28-EDEC2CA63736}.CD_ROM|Any CPU.ActiveCfg = Release|Any CPU
		{51F12B7F-D958-429A-8F28-EDEC2CA63736}.CD_ROM|Any CPU.Build.0 = Release|Any CPU
		{51F12B7F-D958-429A-8F28-EDEC2CA63736}.CD_ROM|Mixed Platforms.ActiveCfg = Release|Any CPU
		{51F12B7F-D958-429A-8F28-EDEC2CA63736}.CD_ROM|Mixed Platforms.Build.0 = Release|Any CPU
		{51F12B7F-D958-429A-8F28-EDEC2CA63736}.CD_ROM|x86.ActiveCfg = Release|Any CPU
		{51F12B7F-D958-429A-8F28-EDEC2CA63736}.Debug|Any CPU.ActiveCfg = Debug|Any CPU
		{51F12B7F-D958-429A-8F28-EDEC2CA63736}.Debug|Any CPU.Build.0 = Debug|Any CPU
		{51F12B7F-D958-429A-8F28-EDEC2CA63736}.Debug|Mixed Platforms.ActiveCfg = Debug|Any CPU
		{51F12B7F-D958-429A-8F28-EDEC2CA63736}.Debug|Mixed Platforms.Build.0 = Debug|Any CPU
		{51F12B7F-D958-429A-8F28-EDEC2CA63736}.Debug|x86.ActiveCfg = Debug|Any CPU
		{51F12B7F-D958-429A-8F28-EDEC2CA63736}.DVD-5|Any CPU.ActiveCfg = Debug|Any CPU
		{51F12B7F-D958-429A-8F28-EDEC2CA63736}.DVD-5|Any CPU.Build.0 = Debug|Any CPU
		{51F12B7F-D958-429A-8F28-EDEC2CA63736}.DVD-5|Mixed Platforms.ActiveCfg = Debug|Any CPU
		{51F12B7F-D958-429A-8F28-EDEC2CA63736}.DVD-5|Mixed Platforms.Build.0 = Debug|Any CPU
		{51F12B7F-D958-429A-8F28-EDEC2CA63736}.DVD-5|x86.ActiveCfg = Debug|Any CPU
		{51F12B7F-D958-429A-8F28-EDEC2CA63736}.Release|Any CPU.ActiveCfg = Release|Any CPU
		{51F12B7F-D958-429A-8F28-EDEC2CA63736}.Release|Any CPU.Build.0 = Release|Any CPU
		{51F12B7F-D958-429A-8F28-EDEC2CA63736}.Release|Mixed Platforms.ActiveCfg = Release|Any CPU
		{51F12B7F-D958-429A-8F28-EDEC2CA63736}.Release|Mixed Platforms.Build.0 = Release|Any CPU
		{51F12B7F-D958-429A-8F28-EDEC2CA63736}.Release|x86.ActiveCfg = Release|Any CPU
		{51F12B7F-D958-429A-8F28-EDEC2CA63736}.SingleImage|Any CPU.ActiveCfg = Release|Any CPU
		{51F12B7F-D958-429A-8F28-EDEC2CA63736}.SingleImage|Any CPU.Build.0 = Release|Any CPU
		{51F12B7F-D958-429A-8F28-EDEC2CA63736}.SingleImage|Mixed Platforms.ActiveCfg = Release|Any CPU
		{51F12B7F-D958-429A-8F28-EDEC2CA63736}.SingleImage|Mixed Platforms.Build.0 = Release|Any CPU
		{51F12B7F-D958-429A-8F28-EDEC2CA63736}.SingleImage|x86.ActiveCfg = Release|Any CPU
		{072A6B6E-0890-43B9-8C51-33EAAEA59E10}.CD_ROM|Any CPU.ActiveCfg = Release|Any CPU
		{072A6B6E-0890-43B9-8C51-33EAAEA59E10}.CD_ROM|Any CPU.Build.0 = Release|Any CPU
		{072A6B6E-0890-43B9-8C51-33EAAEA59E10}.CD_ROM|Mixed Platforms.ActiveCfg = Release|Any CPU
		{072A6B6E-0890-43B9-8C51-33EAAEA59E10}.CD_ROM|Mixed Platforms.Build.0 = Release|Any CPU
		{072A6B6E-0890-43B9-8C51-33EAAEA59E10}.CD_ROM|x86.ActiveCfg = Release|Any CPU
		{072A6B6E-0890-43B9-8C51-33EAAEA59E10}.Debug|Any CPU.ActiveCfg = Debug|Any CPU
		{072A6B6E-0890-43B9-8C51-33EAAEA59E10}.Debug|Any CPU.Build.0 = Debug|Any CPU
		{072A6B6E-0890-43B9-8C51-33EAAEA59E10}.Debug|Mixed Platforms.ActiveCfg = Debug|Any CPU
		{072A6B6E-0890-43B9-8C51-33EAAEA59E10}.Debug|Mixed Platforms.Build.0 = Debug|Any CPU
		{072A6B6E-0890-43B9-8C51-33EAAEA59E10}.Debug|x86.ActiveCfg = Debug|Any CPU
		{072A6B6E-0890-43B9-8C51-33EAAEA59E10}.DVD-5|Any CPU.ActiveCfg = Debug|Any CPU
		{072A6B6E-0890-43B9-8C51-33EAAEA59E10}.DVD-5|Any CPU.Build.0 = Debug|Any CPU
		{072A6B6E-0890-43B9-8C51-33EAAEA59E10}.DVD-5|Mixed Platforms.ActiveCfg = Debug|Any CPU
		{072A6B6E-0890-43B9-8C51-33EAAEA59E10}.DVD-5|Mixed Platforms.Build.0 = Debug|Any CPU
		{072A6B6E-0890-43B9-8C51-33EAAEA59E10}.DVD-5|x86.ActiveCfg = Debug|Any CPU
		{072A6B6E-0890-43B9-8C51-33EAAEA59E10}.Release|Any CPU.ActiveCfg = Release|Any CPU
		{072A6B6E-0890-43B9-8C51-33EAAEA59E10}.Release|Any CPU.Build.0 = Release|Any CPU
		{072A6B6E-0890-43B9-8C51-33EAAEA59E10}.Release|Mixed Platforms.ActiveCfg = Release|Any CPU
		{072A6B6E-0890-43B9-8C51-33EAAEA59E10}.Release|Mixed Platforms.Build.0 = Release|Any CPU
		{072A6B6E-0890-43B9-8C51-33EAAEA59E10}.Release|x86.ActiveCfg = Release|Any CPU
		{072A6B6E-0890-43B9-8C51-33EAAEA59E10}.SingleImage|Any CPU.ActiveCfg = Release|Any CPU
		{072A6B6E-0890-43B9-8C51-33EAAEA59E10}.SingleImage|Any CPU.Build.0 = Release|Any CPU
		{072A6B6E-0890-43B9-8C51-33EAAEA59E10}.SingleImage|Mixed Platforms.ActiveCfg = Release|Any CPU
		{072A6B6E-0890-43B9-8C51-33EAAEA59E10}.SingleImage|Mixed Platforms.Build.0 = Release|Any CPU
		{072A6B6E-0890-43B9-8C51-33EAAEA59E10}.SingleImage|x86.ActiveCfg = Release|Any CPU
		{6BDB2785-C86A-4D26-808A-7A7AE8762E34}.CD_ROM|Any CPU.ActiveCfg = Release|Any CPU
		{6BDB2785-C86A-4D26-808A-7A7AE8762E34}.CD_ROM|Any CPU.Build.0 = Release|Any CPU
		{6BDB2785-C86A-4D26-808A-7A7AE8762E34}.CD_ROM|Mixed Platforms.ActiveCfg = Release|Any CPU
		{6BDB2785-C86A-4D26-808A-7A7AE8762E34}.CD_ROM|Mixed Platforms.Build.0 = Release|Any CPU
		{6BDB2785-C86A-4D26-808A-7A7AE8762E34}.CD_ROM|x86.ActiveCfg = Release|Any CPU
		{6BDB2785-C86A-4D26-808A-7A7AE8762E34}.Debug|Any CPU.ActiveCfg = Debug|Any CPU
		{6BDB2785-C86A-4D26-808A-7A7AE8762E34}.Debug|Any CPU.Build.0 = Debug|Any CPU
		{6BDB2785-C86A-4D26-808A-7A7AE8762E34}.Debug|Mixed Platforms.ActiveCfg = Debug|Any CPU
		{6BDB2785-C86A-4D26-808A-7A7AE8762E34}.Debug|Mixed Platforms.Build.0 = Debug|Any CPU
		{6BDB2785-C86A-4D26-808A-7A7AE8762E34}.Debug|x86.ActiveCfg = Debug|Any CPU
		{6BDB2785-C86A-4D26-808A-7A7AE8762E34}.DVD-5|Any CPU.ActiveCfg = Debug|Any CPU
		{6BDB2785-C86A-4D26-808A-7A7AE8762E34}.DVD-5|Any CPU.Build.0 = Debug|Any CPU
		{6BDB2785-C86A-4D26-808A-7A7AE8762E34}.DVD-5|Mixed Platforms.ActiveCfg = Debug|Any CPU
		{6BDB2785-C86A-4D26-808A-7A7AE8762E34}.DVD-5|Mixed Platforms.Build.0 = Debug|Any CPU
		{6BDB2785-C86A-4D26-808A-7A7AE8762E34}.DVD-5|x86.ActiveCfg = Debug|Any CPU
		{6BDB2785-C86A-4D26-808A-7A7AE8762E34}.Release|Any CPU.ActiveCfg = Release|Any CPU
		{6BDB2785-C86A-4D26-808A-7A7AE8762E34}.Release|Any CPU.Build.0 = Release|Any CPU
		{6BDB2785-C86A-4D26-808A-7A7AE8762E34}.Release|Mixed Platforms.ActiveCfg = Release|Any CPU
		{6BDB2785-C86A-4D26-808A-7A7AE8762E34}.Release|Mixed Platforms.Build.0 = Release|Any CPU
		{6BDB2785-C86A-4D26-808A-7A7AE8762E34}.Release|x86.ActiveCfg = Release|Any CPU
		{6BDB2785-C86A-4D26-808A-7A7AE8762E34}.SingleImage|Any CPU.ActiveCfg = Release|Any CPU
		{6BDB2785-C86A-4D26-808A-7A7AE8762E34}.SingleImage|Any CPU.Build.0 = Release|Any CPU
		{6BDB2785-C86A-4D26-808A-7A7AE8762E34}.SingleImage|Mixed Platforms.ActiveCfg = Release|Any CPU
		{6BDB2785-C86A-4D26-808A-7A7AE8762E34}.SingleImage|Mixed Platforms.Build.0 = Release|Any CPU
		{6BDB2785-C86A-4D26-808A-7A7AE8762E34}.SingleImage|x86.ActiveCfg = Release|Any CPU
		{0C3AC49A-E587-4BB7-8AEB-3708DD9A8FD7}.CD_ROM|Any CPU.ActiveCfg = Release|Any CPU
		{0C3AC49A-E587-4BB7-8AEB-3708DD9A8FD7}.CD_ROM|Any CPU.Build.0 = Release|Any CPU
		{0C3AC49A-E587-4BB7-8AEB-3708DD9A8FD7}.CD_ROM|Mixed Platforms.ActiveCfg = Release|Any CPU
		{0C3AC49A-E587-4BB7-8AEB-3708DD9A8FD7}.CD_ROM|Mixed Platforms.Build.0 = Release|Any CPU
		{0C3AC49A-E587-4BB7-8AEB-3708DD9A8FD7}.CD_ROM|x86.ActiveCfg = Release|Any CPU
		{0C3AC49A-E587-4BB7-8AEB-3708DD9A8FD7}.Debug|Any CPU.ActiveCfg = Debug|Any CPU
		{0C3AC49A-E587-4BB7-8AEB-3708DD9A8FD7}.Debug|Any CPU.Build.0 = Debug|Any CPU
		{0C3AC49A-E587-4BB7-8AEB-3708DD9A8FD7}.Debug|Mixed Platforms.ActiveCfg = Debug|Any CPU
		{0C3AC49A-E587-4BB7-8AEB-3708DD9A8FD7}.Debug|Mixed Platforms.Build.0 = Debug|Any CPU
		{0C3AC49A-E587-4BB7-8AEB-3708DD9A8FD7}.Debug|x86.ActiveCfg = Debug|Any CPU
		{0C3AC49A-E587-4BB7-8AEB-3708DD9A8FD7}.DVD-5|Any CPU.ActiveCfg = Debug|Any CPU
		{0C3AC49A-E587-4BB7-8AEB-3708DD9A8FD7}.DVD-5|Any CPU.Build.0 = Debug|Any CPU
		{0C3AC49A-E587-4BB7-8AEB-3708DD9A8FD7}.DVD-5|Mixed Platforms.ActiveCfg = Debug|Any CPU
		{0C3AC49A-E587-4BB7-8AEB-3708DD9A8FD7}.DVD-5|Mixed Platforms.Build.0 = Debug|Any CPU
		{0C3AC49A-E587-4BB7-8AEB-3708DD9A8FD7}.DVD-5|x86.ActiveCfg = Debug|Any CPU
		{0C3AC49A-E587-4BB7-8AEB-3708DD9A8FD7}.Release|Any CPU.ActiveCfg = Release|Any CPU
		{0C3AC49A-E587-4BB7-8AEB-3708DD9A8FD7}.Release|Any CPU.Build.0 = Release|Any CPU
		{0C3AC49A-E587-4BB7-8AEB-3708DD9A8FD7}.Release|Mixed Platforms.ActiveCfg = Release|Any CPU
		{0C3AC49A-E587-4BB7-8AEB-3708DD9A8FD7}.Release|Mixed Platforms.Build.0 = Release|Any CPU
		{0C3AC49A-E587-4BB7-8AEB-3708DD9A8FD7}.Release|x86.ActiveCfg = Release|Any CPU
		{0C3AC49A-E587-4BB7-8AEB-3708DD9A8FD7}.SingleImage|Any CPU.ActiveCfg = Release|Any CPU
		{0C3AC49A-E587-4BB7-8AEB-3708DD9A8FD7}.SingleImage|Any CPU.Build.0 = Release|Any CPU
		{0C3AC49A-E587-4BB7-8AEB-3708DD9A8FD7}.SingleImage|Mixed Platforms.ActiveCfg = Release|Any CPU
		{0C3AC49A-E587-4BB7-8AEB-3708DD9A8FD7}.SingleImage|Mixed Platforms.Build.0 = Release|Any CPU
		{0C3AC49A-E587-4BB7-8AEB-3708DD9A8FD7}.SingleImage|x86.ActiveCfg = Release|Any CPU
		{40AE9837-4A97-4E40-95F1-5D8AC586741B}.CD_ROM|Any CPU.ActiveCfg = Release|x86
		{40AE9837-4A97-4E40-95F1-5D8AC586741B}.CD_ROM|Any CPU.Build.0 = Release|x86
		{40AE9837-4A97-4E40-95F1-5D8AC586741B}.CD_ROM|Mixed Platforms.ActiveCfg = Release|x86
		{40AE9837-4A97-4E40-95F1-5D8AC586741B}.CD_ROM|Mixed Platforms.Build.0 = Release|x86
		{40AE9837-4A97-4E40-95F1-5D8AC586741B}.CD_ROM|x86.ActiveCfg = Release|x86
		{40AE9837-4A97-4E40-95F1-5D8AC586741B}.CD_ROM|x86.Build.0 = Release|x86
		{40AE9837-4A97-4E40-95F1-5D8AC586741B}.Debug|Any CPU.ActiveCfg = Debug|x86
		{40AE9837-4A97-4E40-95F1-5D8AC586741B}.Debug|Mixed Platforms.ActiveCfg = Debug|x86
		{40AE9837-4A97-4E40-95F1-5D8AC586741B}.Debug|Mixed Platforms.Build.0 = Debug|x86
		{40AE9837-4A97-4E40-95F1-5D8AC586741B}.Debug|x86.ActiveCfg = Debug|x86
		{40AE9837-4A97-4E40-95F1-5D8AC586741B}.Debug|x86.Build.0 = Debug|x86
		{40AE9837-4A97-4E40-95F1-5D8AC586741B}.DVD-5|Any CPU.ActiveCfg = Release|x86
		{40AE9837-4A97-4E40-95F1-5D8AC586741B}.DVD-5|Any CPU.Build.0 = Release|x86
		{40AE9837-4A97-4E40-95F1-5D8AC586741B}.DVD-5|Mixed Platforms.ActiveCfg = Debug|x86
		{40AE9837-4A97-4E40-95F1-5D8AC586741B}.DVD-5|Mixed Platforms.Build.0 = Debug|x86
		{40AE9837-4A97-4E40-95F1-5D8AC586741B}.DVD-5|x86.ActiveCfg = Debug|x86
		{40AE9837-4A97-4E40-95F1-5D8AC586741B}.DVD-5|x86.Build.0 = Debug|x86
		{40AE9837-4A97-4E40-95F1-5D8AC586741B}.Release|Any CPU.ActiveCfg = Release|x86
		{40AE9837-4A97-4E40-95F1-5D8AC586741B}.Release|Mixed Platforms.ActiveCfg = Release|x86
		{40AE9837-4A97-4E40-95F1-5D8AC586741B}.Release|Mixed Platforms.Build.0 = Release|x86
		{40AE9837-4A97-4E40-95F1-5D8AC586741B}.Release|x86.ActiveCfg = Release|x86
		{40AE9837-4A97-4E40-95F1-5D8AC586741B}.Release|x86.Build.0 = Release|x86
		{40AE9837-4A97-4E40-95F1-5D8AC586741B}.SingleImage|Any CPU.ActiveCfg = Release|x86
		{40AE9837-4A97-4E40-95F1-5D8AC586741B}.SingleImage|Any CPU.Build.0 = Release|x86
		{40AE9837-4A97-4E40-95F1-5D8AC586741B}.SingleImage|Mixed Platforms.ActiveCfg = Release|x86
		{40AE9837-4A97-4E40-95F1-5D8AC586741B}.SingleImage|Mixed Platforms.Build.0 = Release|x86
		{40AE9837-4A97-4E40-95F1-5D8AC586741B}.SingleImage|x86.ActiveCfg = Release|x86
		{40AE9837-4A97-4E40-95F1-5D8AC586741B}.SingleImage|x86.Build.0 = Release|x86
		{24C2BDED-BB5B-4CFD-A340-814BE6A7FE91}.CD_ROM|Any CPU.ActiveCfg = Release|Any CPU
		{24C2BDED-BB5B-4CFD-A340-814BE6A7FE91}.CD_ROM|Any CPU.Build.0 = Release|Any CPU
		{24C2BDED-BB5B-4CFD-A340-814BE6A7FE91}.CD_ROM|Mixed Platforms.ActiveCfg = Release|Any CPU
		{24C2BDED-BB5B-4CFD-A340-814BE6A7FE91}.CD_ROM|Mixed Platforms.Build.0 = Release|Any CPU
		{24C2BDED-BB5B-4CFD-A340-814BE6A7FE91}.CD_ROM|x86.ActiveCfg = Release|Any CPU
		{24C2BDED-BB5B-4CFD-A340-814BE6A7FE91}.CD_ROM|x86.Build.0 = Release|Any CPU
		{24C2BDED-BB5B-4CFD-A340-814BE6A7FE91}.Debug|Any CPU.ActiveCfg = Debug|Any CPU
		{24C2BDED-BB5B-4CFD-A340-814BE6A7FE91}.Debug|Any CPU.Build.0 = Debug|Any CPU
		{24C2BDED-BB5B-4CFD-A340-814BE6A7FE91}.Debug|Mixed Platforms.ActiveCfg = Debug|Any CPU
		{24C2BDED-BB5B-4CFD-A340-814BE6A7FE91}.Debug|Mixed Platforms.Build.0 = Debug|Any CPU
		{24C2BDED-BB5B-4CFD-A340-814BE6A7FE91}.Debug|x86.ActiveCfg = Debug|Any CPU
		{24C2BDED-BB5B-4CFD-A340-814BE6A7FE91}.Debug|x86.Build.0 = Debug|Any CPU
		{24C2BDED-BB5B-4CFD-A340-814BE6A7FE91}.DVD-5|Any CPU.ActiveCfg = Debug|Any CPU
		{24C2BDED-BB5B-4CFD-A340-814BE6A7FE91}.DVD-5|Any CPU.Build.0 = Debug|Any CPU
		{24C2BDED-BB5B-4CFD-A340-814BE6A7FE91}.DVD-5|Mixed Platforms.ActiveCfg = Debug|Any CPU
		{24C2BDED-BB5B-4CFD-A340-814BE6A7FE91}.DVD-5|Mixed Platforms.Build.0 = Debug|Any CPU
		{24C2BDED-BB5B-4CFD-A340-814BE6A7FE91}.DVD-5|x86.ActiveCfg = Debug|Any CPU
		{24C2BDED-BB5B-4CFD-A340-814BE6A7FE91}.DVD-5|x86.Build.0 = Debug|Any CPU
		{24C2BDED-BB5B-4CFD-A340-814BE6A7FE91}.Release|Any CPU.ActiveCfg = Release|Any CPU
		{24C2BDED-BB5B-4CFD-A340-814BE6A7FE91}.Release|Any CPU.Build.0 = Release|Any CPU
		{24C2BDED-BB5B-4CFD-A340-814BE6A7FE91}.Release|Mixed Platforms.ActiveCfg = Release|Any CPU
		{24C2BDED-BB5B-4CFD-A340-814BE6A7FE91}.Release|Mixed Platforms.Build.0 = Release|Any CPU
		{24C2BDED-BB5B-4CFD-A340-814BE6A7FE91}.Release|x86.ActiveCfg = Release|Any CPU
		{24C2BDED-BB5B-4CFD-A340-814BE6A7FE91}.Release|x86.Build.0 = Release|Any CPU
		{24C2BDED-BB5B-4CFD-A340-814BE6A7FE91}.SingleImage|Any CPU.ActiveCfg = Release|Any CPU
		{24C2BDED-BB5B-4CFD-A340-814BE6A7FE91}.SingleImage|Any CPU.Build.0 = Release|Any CPU
		{24C2BDED-BB5B-4CFD-A340-814BE6A7FE91}.SingleImage|Mixed Platforms.ActiveCfg = Release|Any CPU
		{24C2BDED-BB5B-4CFD-A340-814BE6A7FE91}.SingleImage|Mixed Platforms.Build.0 = Release|Any CPU
		{24C2BDED-BB5B-4CFD-A340-814BE6A7FE91}.SingleImage|x86.ActiveCfg = Release|Any CPU
		{24C2BDED-BB5B-4CFD-A340-814BE6A7FE91}.SingleImage|x86.Build.0 = Release|Any CPU
	EndGlobalSection
	GlobalSection(SolutionProperties) = preSolution
		HideSolutionNode = FALSE
	EndGlobalSection
	GlobalSection(NestedProjects) = preSolution
		{4D4EBB62-46A9-403D-82F8-E21FFFD91F30} = {4C755E5F-D605-4664-A993-BE96812EC1EA}
		{181FE707-E161-4722-9F38-6AAAB6FAA106} = {4C755E5F-D605-4664-A993-BE96812EC1EA}
		{51F12B7F-D958-429A-8F28-EDEC2CA63736} = {37220D6F-8AD7-4816-AB95-7570EFB05753}
		{072A6B6E-0890-43B9-8C51-33EAAEA59E10} = {C13898A3-458B-4155-BF40-46F08AA9BEF0}
		{6BDB2785-C86A-4D26-808A-7A7AE8762E34} = {C13898A3-458B-4155-BF40-46F08AA9BEF0}
		{0C3AC49A-E587-4BB7-8AEB-3708DD9A8FD7} = {C13898A3-458B-4155-BF40-46F08AA9BEF0}
		{40AE9837-4A97-4E40-95F1-5D8AC586741B} = {40A79604-AB5D-4256-AA81-FF7050505A5A}
		{24C2BDED-BB5B-4CFD-A340-814BE6A7FE91} = {40A79604-AB5D-4256-AA81-FF7050505A5A}
	EndGlobalSection
	GlobalSection(ExtensibilityGlobals) = postSolution
		VisualSVNWorkingCopyRoot = .
	EndGlobalSection
EndGlobal
